dependencies:
- name: dns-interceptor
  repository: file://../dns-interceptor
  version: 0.1.0
- name: zonal-cache
  repository: file://../zonal-cache
  version: 0.1.0
- name: rest-api-java
  repository: file://../rest-api-java
  version: 0.1.0
- name: apache-server
  repository: file://../apache-server
  version: 0.1.0
digest: sha256:d3a2e8f761dda7df3f7ea568d6a08557b968a91f0616e7a0960ed104335e746d
generated: "2026-06-02T23:40:10.680407591-06:00"
